// !$*UTF8*$!
{
	archiveVersion = 1;
	classes = {
	};
	objectVersion = 56;
	objects = {

/* Begin PBXBuildFile section */
		BD6224292BA1730C00CECA59 /* AppDelegate.swift in Sources */ = {isa = PBXBuildFile; fileRef = BD6224282BA1730C00CECA59 /* AppDelegate.swift */; };
		BD62242B2BA1730C00CECA59 /* SceneDelegate.swift in Sources */ = {isa = PBXBuildFile; fileRef = BD62242A2BA1730C00CECA59 /* SceneDelegate.swift */; };
		BD62242D2BA1730C00CECA59 /* ViewController.swift in Sources */ = {isa = PBXBuildFile; fileRef = BD62242C2BA1730C00CECA59 /* ViewController.swift */; };
		BD6224302BA1730C00CECA59 /* Main.storyboard in Resources */ = {isa = PBXBuildFile; fileRef = BD62242E2BA1730C00CECA59 /* Main.storyboard */; };
		BD6224322BA1730D00CECA59 /* Assets.xcassets in Resources */ = {isa = PBXBuildFile; fileRef = BD6224312BA1730D00CECA59 /* Assets.xcassets */; };
		BD6224352BA1730D00CECA59 /* LaunchScreen.storyboard in Resources */ = {isa = PBXBuildFile; fileRef = BD6224332BA1730D00CECA59 /* LaunchScreen.storyboard */; };
		BD6224412BA1B88C00CECA59 /* Extensions.swift in Sources */ = {isa = PBXBuildFile; fileRef = BD6224402BA1B88C00CECA59 /* Extensions.swift */; };
		BD6224432BA1C69B00CECA59 /* Constants.swift in Sources */ = {isa = PBXBuildFile; fileRef = BD6224422BA1C69B00CECA59 /* Constants.swift */; };
/* End PBXBuildFile section */

/* Begin PBXFileReference section */
		BD6224252BA1730C00CECA59 /* MapRoute.app */ = {isa = PBXFileReference; explicitFileType = wrapper.application; includeInIndex = 0; path = MapRoute.app; sourceTree = BUILT_PRODUCTS_DIR; };
		BD6224282BA1730C00CECA59 /* AppDelegate.swift */ = {isa = PBXFileReference; lastKnownFileType = sourcecode.swift; path = AppDelegate.swift; sourceTree = "<group>"; };
		BD62242A2BA1730C00CECA59 /* SceneDelegate.swift */ = {isa = PBXFileReference; lastKnownFileType = sourcecode.swift; path = SceneDelegate.swift; sourceTree = "<group>"; };
		BD62242C2BA1730C00CECA59 /* ViewController.swift */ = {isa = PBXFileReference; lastKnownFileType = sourcecode.swift; path = ViewController.swift; sourceTree = "<group>"; };
		BD62242F2BA1730C00CECA59 /* Base */ = {isa = PBXFileReference; lastKnownFileType = file.storyboard; name = Base; path = Base.lproj/Main.storyboard; sourceTree = "<group>"; };
		BD6224312BA1730D00CECA59 /* Assets.xcassets */ = {isa = PBXFileReference; lastKnownFileType = folder.assetcatalog; path = Assets.xcassets; sourceTree = "<group>"; };
		BD6224342BA1730D00CECA59 /* Base */ = {isa = PBXFileReference; lastKnownFileType = file.storyboard; name = Base; path = Base.lproj/LaunchScreen.storyboard; sourceTree = "<group>"; };
		BD6224362BA1730D00CECA59 /* Info.plist */ = {isa = PBXFileReference; lastKnownFileType = text.plist.xml; path = Info.plist; sourceTree = "<group>"; };
		BD6224402BA1B88C00CECA59 /* Extensions.swift */ = {isa = PBXFileReference; lastKnownFileType = sourcecode.swift; path = Extensions.swift; sourceTree = "<group>"; };
		BD6224422BA1C69B00CECA59 /* Constants.swift */ = {isa = PBXFileReference; lastKnownFileType = sourcecode.swift; path = Constants.swift; sourceTree = "<group>"; };
/* End PBXFileReference section */

/* Begin PBXFrameworksBuildPhase section */
		BD6224222BA1730C00CECA59 /* Frameworks */ = {
			isa = PBXFrameworksBuildPhase;
			buildActionMask = 2147483647;
			files = (
			);
			runOnlyForDeploymentPostprocessing = 0;
		};
/* End PBXFrameworksBuildPhase section */

/* Begin PBXGroup section */
		BD62241C2BA1730C00CECA59 = {
			isa = PBXGroup;
			children = (
				BD6224272BA1730C00CECA59 /* MapRoute */,
				BD6224262BA1730C00CECA59 /* Products */,
			);
			sourceTree = "<group>";
		};
		BD6224262BA1730C00CECA59 /* Products */ = {
			isa = PBXGroup;
			children = (
				BD6224252BA1730C00CECA59 /* MapRoute.app */,
			);
			name = Products;
			sourceTree = "<group>";
		};
		BD6224272BA1730C00CECA59 /* MapRoute */ = {
			isa = PBXGroup;
			children = (
				BD6224282BA1730C00CECA59 /* AppDelegate.swift */,
				BD62242A2BA1730C00CECA59 /* SceneDelegate.swift */,
				BD62243C2BA173B100CECA59 /* Controllers */,
				BD62243D2BA173C800CECA59 /* Stroryboard */,
				BD62243E2BA173DE00CECA59 /* Utils */,
				BD62243F2BA1B87700CECA59 /* Helpers */,
			);
			path = MapRoute;
			sourceTree = "<group>";
		};
		BD62243C2BA173B100CECA59 /* Controllers */ = {
			isa = PBXGroup;
			children = (
				BD62242C2BA1730C00CECA59 /* ViewController.swift */,
			);
			path = Controllers;
			sourceTree = "<group>";
		};
		BD62243D2BA173C800CECA59 /* Stroryboard */ = {
			isa = PBXGroup;
			children = (
				BD62242E2BA1730C00CECA59 /* Main.storyboard */,
				BD6224332BA1730D00CECA59 /* LaunchScreen.storyboard */,
			);
			path = Stroryboard;
			sourceTree = "<group>";
		};
		BD62243E2BA173DE00CECA59 /* Utils */ = {
			isa = PBXGroup;
			children = (
				BD6224312BA1730D00CECA59 /* Assets.xcassets */,
				BD6224362BA1730D00CECA59 /* Info.plist */,
				BD6224422BA1C69B00CECA59 /* Constants.swift */,
			);
			path = Utils;
			sourceTree = "<group>";
		};
		BD62243F2BA1B87700CECA59 /* Helpers */ = {
			isa = PBXGroup;
			children = (
				BD6224402BA1B88C00CECA59 /* Extensions.swift */,
			);
			path = Helpers;
			sourceTree = "<group>";
		};
/* End PBXGroup section */

/* Begin PBXNativeTarget section */
		BD6224242BA1730C00CECA59 /* MapRoute */ = {
			isa = PBXNativeTarget;
			buildConfigurationList = BD6224392BA1730D00CECA59 /* Build configuration list for PBXNativeTarget "MapRoute" */;
			buildPhases = (
				BD6224212BA1730C00CECA59 /* Sources */,
				BD6224222BA1730C00CECA59 /* Frameworks */,
				BD6224232BA1730C00CECA59 /* Resources */,
			);
			buildRules = (
			);
			dependencies = (
			);
			name = MapRoute;
			productName = MapRoute;
			productReference = BD6224252BA1730C00CECA59 /* MapRoute.app */;
			productType = "com.apple.product-type.application";
		};
/* End PBXNativeTarget section */

/* Begin PBXProject section */
		BD62241D2BA1730C00CECA59 /* Project object */ = {
			isa = PBXProject;
			attributes = {
				BuildIndependentTargetsInParallel = 1;
				LastSwiftUpdateCheck = 1420;
				LastUpgradeCheck = 1420;
				TargetAttributes = {
					BD6224242BA1730C00CECA59 = {
						CreatedOnToolsVersion = 14.2;
					};
				};
			};
			buildConfigurationList = BD6224202BA1730C00CECA59 /* Build configuration list for PBXProject "MapRoute" */;
			compatibilityVersion = "Xcode 14.0";
			developmentRegion = en;
			hasScannedForEncodings = 0;
			knownRegions = (
				en,
				Base,
			);
			mainGroup = BD62241C2BA1730C00CECA59;
			productRefGroup = BD6224262BA1730C00CECA59 /* Products */;
			projectDirPath = "";
			projectRoot = "";
			targets = (
				BD6224242BA1730C00CECA59 /* MapRoute */,
			);
		};
/* End PBXProject section */

/* Begin PBXResourcesBuildPhase section */
		BD6224232BA1730C00CECA59 /* Resources */ = {
			isa = PBXResourcesBuildPhase;
			buildActionMask = 2147483647;
			files = (
				BD6224352BA1730D00CECA59 /* LaunchScreen.storyboard in Resources */,
				BD6224322BA1730D00CECA59 /* Assets.xcassets in Resources */,
				BD6224302BA1730C00CECA59 /* Main.storyboard in Resources */,
			);
			runOnlyForDeploymentPostprocessing = 0;
		};
/* End PBXResourcesBuildPhase section */

/* Begin PBXSourcesBuildPhase section */
		BD6224212BA1730C00CECA59 /* Sources */ = {
			isa = PBXSourcesBuildPhase;
			buildActionMask = 2147483647;
			files = (
				BD6224432BA1C69B00CECA59 /* Constants.swift in Sources */,
				BD62242D2BA1730C00CECA59 /* ViewController.swift in Sources */,
				BD6224292BA1730C00CECA59 /* AppDelegate.swift in Sources */,
				BD62242B2BA1730C00CECA59 /* SceneDelegate.swift in Sources */,
				BD6224412BA1B88C00CECA59 /* Extensions.swift in Sources */,
			);
			runOnlyForDeploymentPostprocessing = 0;
		};
/* End PBXSourcesBuildPhase section */

/* Begin PBXVariantGroup section */
		BD62242E2BA1730C00CECA59 /* Main.storyboard */ = {
			isa = PBXVariantGroup;
			children = (
				BD62242F2BA1730C00CECA59 /* Base */,
			);
			name = Main.storyboard;
			sourceTree = "<group>";
		};
		BD6224332BA1730D00CECA59 /* LaunchScreen.storyboard */ = {
			isa = PBXVariantGroup;
			children = (
				BD6224342BA1730D00CECA59 /* Base */,
			);
			name = LaunchScreen.storyboard;
			sourceTree = "<group>";
		};
/* End PBXVariantGroup section */

/* Begin XCBuildConfiguration section */
		BD6224372BA1730D00CECA59 /* Debug */ = {
			isa = XCBuildConfiguration;
			buildSettings = {
				ALWAYS_SEARCH_USER_PATHS = NO;
				CLANG_ANALYZER_NONNULL = YES;
				CLANG_ANALYZER_NUMBER_OBJECT_CONVERSION = YES_AGGRESSIVE;
				CLANG_CXX_LANGUAGE_STANDARD = "gnu++20";
				CLANG_ENABLE_MODULES = YES;
				CLANG_ENABLE_OBJC_ARC = YES;
				CLANG_ENABLE_OBJC_WEAK = YES;
				CLANG_WARN_BLOCK_CAPTURE_AUTORELEASING = YES;
				CLANG_WARN_BOOL_CONVERSION = YES;
				CLANG_WARN_COMMA = YES;
				CLANG_WARN_CONSTANT_CONVERSION = YES;
				CLANG_WARN_DEPRECATED_OBJC_IMPLEMENTATIONS = YES;
				CLANG_WARN_DIRECT_OBJC_ISA_USAGE = YES_ERROR;
				CLANG_WARN_DOCUMENTATION_COMMENTS = YES;
				CLANG_WARN_EMPTY_BODY = YES;
				CLANG_WARN_ENUM_CONVERSION = YES;
				CLANG_WARN_INFINITE_RECURSION = YES;
				CLANG_WARN_INT_CONVERSION = YES;
				CLANG_WARN_NON_LITERAL_NULL_CONVERSION = YES;
				CLANG_WARN_OBJC_IMPLICIT_RETAIN_SELF = YES;
				CLANG_WARN_OBJC_LITERAL_CONVERSION = YES;
				CLANG_WARN_OBJC_ROOT_CLASS = YES_ERROR;
				CLANG_WARN_QUOTED_INCLUDE_IN_FRAMEWORK_HEADER = YES;
				CLANG_WARN_RANGE_LOOP_ANALYSIS = YES;
				CLANG_WARN_STRICT_PROTOTYPES = YES;
				CLANG_WARN_SUSPICIOUS_MOVE = YES;
				CLANG_WARN_UNGUARDED_AVAILABILITY = YES_AGGRESSIVE;
				CLANG_WARN_UNREACHABLE_CODE = YES;
				CLANG_WARN__DUPLICATE_METHOD_MATCH = YES;
				COPY_PHASE_STRIP = NO;
				DEBUG_INFORMATION_FORMAT = dwarf;
				ENABLE_STRICT_OBJC_MSGSEND = YES;
				ENABLE_TESTABILITY = YES;
				GCC_C_LANGUAGE_STANDARD = gnu11;
				GCC_DYNAMIC_NO_PIC = NO;
				GCC_NO_COMMON_BLOCKS = YES;
				GCC_OPTIMIZATION_LEVEL = 0;
				GCC_PREPROCESSOR_DEFINITIONS = (
					"DEBUG=1",
					"$(inherited)",
				);
				GCC_WARN_64_TO_32_BIT_CONVERSION = YES;
				GCC_WARN_ABOUT_RETURN_TYPE = YES_ERROR;
				GCC_WARN_UNDECLARED_SELECTOR = YES;
				GCC_WARN_UNINITIALIZED_AUTOS = YES_AGGRESSIVE;
				GCC_WARN_UNUSED_FUNCTION = YES;
				GCC_WARN_UNUSED_VARIABLE = YES;
				IPHONEOS_DEPLOYMENT_TARGET = 13.0;
				MTL_ENABLE_DEBUG_INFO = INCLUDE_SOURCE;
				MTL_FAST_MATH = YES;
				ONLY_ACTIVE_ARCH = YES;
				SDKROOT = iphoneos;
				SWIFT_ACTIVE_COMPILATION_CONDITIONS = DEBUG;
				SWIFT_OPTIMIZATION_LEVEL = "-Onone";
			};
			name = Debug;
		};
		BD6224382BA1730D00CECA59 /* Release */ = {
			isa = XCBuildConfiguration;
			buildSettings = {
				ALWAYS_SEARCH_USER_PATHS = NO;
				CLANG_ANALYZER_NONNULL = YES;
				CLANG_ANALYZER_NUMBER_OBJECT_CONVERSION = YES_AGGRESSIVE;
				CLANG_CXX_LANGUAGE_STANDARD = "gnu++20";
				CLANG_ENABLE_MODULES = YES;
				CLANG_ENABLE_OBJC_ARC = YES;
				CLANG_ENABLE_OBJC_WEAK = YES;
				CLANG_WARN_BLOCK_CAPTURE_AUTORELEASING = YES;
				CLANG_WARN_BOOL_CONVERSION = YES;
				CLANG_WARN_COMMA = YES;
				CLANG_WARN_CONSTANT_CONVERSION = YES;
				CLANG_WARN_DEPRECATED_OBJC_IMPLEMENTATIONS = YES;
				CLANG_WARN_DIRECT_OBJC_ISA_USAGE = YES_ERROR;
				CLANG_WARN_DOCUMENTATION_COMMENTS = YES;
				CLANG_WARN_EMPTY_BODY = YES;
				CLANG_WARN_ENUM_CONVERSION = YES;
				CLANG_WARN_INFINITE_RECURSION = YES;
				CLANG_WARN_INT_CONVERSION = YES;
				CLANG_WARN_NON_LITERAL_NULL_CONVERSION = YES;
				CLANG_WARN_OBJC_IMPLICIT_RETAIN_SELF = YES;
				CLANG_WARN_OBJC_LITERAL_CONVERSION = YES;
				CLANG_WARN_OBJC_ROOT_CLASS = YES_ERROR;
				CLANG_WARN_QUOTED_INCLUDE_IN_FRAMEWORK_HEADER = YES;
				CLANG_WARN_RANGE_LOOP_ANALYSIS = YES;
				CLANG_WARN_STRICT_PROTOTYPES = YES;
				CLANG_WARN_SUSPICIOUS_MOVE = YES;
				CLANG_WARN_UNGUARDED_AVAILABILITY = YES_AGGRESSIVE;
				CLANG_WARN_UNREACHABLE_CODE = YES;
				CLANG_WARN__DUPLICATE_METHOD_MATCH = YES;
				COPY_PHASE_STRIP = NO;
				DEBUG_INFORMATION_FORMAT = "dwarf-with-dsym";
				ENABLE_NS_ASSERTIONS = NO;
				ENABLE_STRICT_OBJC_MSGSEND = YES;
				GCC_C_LANGUAGE_STANDARD = gnu11;
				GCC_NO_COMMON_BLOCKS = YES;
				GCC_WARN_64_TO_32_BIT_CONVERSION = YES;
				GCC_WARN_ABOUT_RETURN_TYPE = YES_ERROR;
				GCC_WARN_UNDECLARED_SELECTOR = YES;
				GCC_WARN_UNINITIALIZED_AUTOS = YES_AGGRESSIVE;
				GCC_WARN_UNUSED_FUNCTION = YES;
				GCC_WARN_UNUSED_VARIABLE = YES;
				IPHONEOS_DEPLOYMENT_TARGET = 13.0;
				MTL_ENABLE_DEBUG_INFO = NO;
				MTL_FAST_MATH = YES;
				SDKROOT = iphoneos;
				SWIFT_COMPILATION_MODE = wholemodule;
				SWIFT_OPTIMIZATION_LEVEL = "-O";
				VALIDATE_PRODUCT = YES;
			};
			name = Release;
		};
		BD62243A2BA1730D00CECA59 /* Debug */ = {
			isa = XCBuildConfiguration;
			buildSettings = {
				ASSETCATALOG_COMPILER_APPICON_NAME = AppIcon;
				ASSETCATALOG_COMPILER_GLOBAL_ACCENT_COLOR_NAME = AccentColor;
				CODE_SIGN_STYLE = Automatic;
				CURRENT_PROJECT_VERSION = 1;
				DEVELOPMENT_TEAM = 7NYY498K7B;
				GENERATE_INFOPLIST_FILE = YES;
				INFOPLIST_FILE = MapRoute/Utils/Info.plist;
				INFOPLIST_KEY_UIApplicationSupportsIndirectInputEvents = YES;
				INFOPLIST_KEY_UILaunchStoryboardName = LaunchScreen;
				INFOPLIST_KEY_UIMainStoryboardFile = Main;
				INFOPLIST_KEY_UISupportedInterfaceOrientations_iPad = "UIInterfaceOrientationPortrait UIInterfaceOrientationPortraitUpsideDown UIInterfaceOrientationLandscapeLeft UIInterfaceOrientationLandscapeRight";
				INFOPLIST_KEY_UISupportedInterfaceOrientations_iPhone = "UIInterfaceOrientationPortrait UIInterfaceOrientationLandscapeLeft UIInterfaceOrientationLandscapeRight";
				IPHONEOS_DEPLOYMENT_TARGET = 13.0;
				LD_RUNPATH_SEARCH_PATHS = (
					"$(inherited)",
					"@executable_path/Frameworks",
				);
				MARKETING_VERSION = 1.0;
				PRODUCT_BUNDLE_IDENTIFIER = com.test.MapRouteDemo;
				PRODUCT_NAME = "$(TARGET_NAME)";
				SWIFT_EMIT_LOC_STRINGS = YES;
				SWIFT_VERSION = 5.0;
				TARGETED_DEVICE_FAMILY = "1,2";
			};
			name = Debug;
		};
		BD62243B2BA1730D00CECA59 /* Release */ = {
			isa = XCBuildConfiguration;
			buildSettings = {
				ASSETCATALOG_COMPILER_APPICON_NAME = AppIcon;
				ASSETCATALOG_COMPILER_GLOBAL_ACCENT_COLOR_NAME = AccentColor;
				CODE_SIGN_STYLE = Automatic;
				CURRENT_PROJECT_VERSION = 1;
				DEVELOPMENT_TEAM = 7NYY498K7B;
				GENERATE_INFOPLIST_FILE = YES;
				INFOPLIST_FILE = MapRoute/Utils/Info.plist;
				INFOPLIST_KEY_UIApplicationSupportsIndirectInputEvents = YES;
				INFOPLIST_KEY_UILaunchStoryboardName = LaunchScreen;
				INFOPLIST_KEY_UIMainStoryboardFile = Main;
				INFOPLIST_KEY_UISupportedInterfaceOrientations_iPad = "UIInterfaceOrientationPortrait UIInterfaceOrientationPortraitUpsideDown UIInterfaceOrientationLandscapeLeft UIInterfaceOrientationLandscapeRight";
				INFOPLIST_KEY_UISupportedInterfaceOrientations_iPhone = "UIInterfaceOrientationPortrait UIInterfaceOrientationLandscapeLeft UIInterfaceOrientationLandscapeRight";
				IPHONEOS_DEPLOYMENT_TARGET = 13.0;
				LD_RUNPATH_SEARCH_PATHS = (
					"$(inherited)",
					"@executable_path/Frameworks",
				);
				MARKETING_VERSION = 1.0;
				PRODUCT_BUNDLE_IDENTIFIER = com.test.MapRouteDemo;
				PRODUCT_NAME = "$(TARGET_NAME)";
				SWIFT_EMIT_LOC_STRINGS = YES;
				SWIFT_VERSION = 5.0;
				TARGETED_DEVICE_FAMILY = "1,2";
			};
			name = Release;
		};
/* End XCBuildConfiguration section */

/* Begin XCConfigurationList section */
		BD6224202BA1730C00CECA59 /* Build configuration list for PBXProject "MapRoute" */ = {
			isa = XCConfigurationList;
			buildConfigurations = (
				BD6224372BA1730D00CECA59 /* Debug */,
				BD6224382BA1730D00CECA59 /* Release */,
			);
			defaultConfigurationIsVisible = 0;
			defaultConfigurationName = Release;
		};
		BD6224392BA1730D00CECA59 /* Build configuration list for PBXNativeTarget "MapRoute" */ = {
			isa = XCConfigurationList;
			buildConfigurations = (
				BD62243A2BA1730D00CECA59 /* Debug */,
				BD62243B2BA1730D00CECA59 /* Release */,
			);
			defaultConfigurationIsVisible = 0;
			defaultConfigurationName = Release;
		};
/* End XCConfigurationList section */
	};
	rootObject = BD62241D2BA1730C00CECA59 /* Project object */;
}
